<?xml version="1.0" encoding="utf-8"?>
<Project ToolsVersion="4.0" xmlns="http://schemas.microsoft.com/developer/msbuild/2003">
  <ItemGroup>
    <Filter Include="Source Files">
      <UniqueIdentifier>{4FC737F1-C7A5-4376-A066-2A32D752A2FF}</UniqueIdentifier>
      <Extensions>cpp;c;cc;cxx;c++;cppm;ixx;def;odl;idl;hpj;bat;asm;asmx</Extensions>
    </Filter>
    <Filter Include="Header Files">
      <UniqueIdentifier>{93995380-89BD-4b04-88EB-625FBE52EBFB}</UniqueIdentifier>
      <Extensions>h;hh;hpp;hxx;h++;hm;inl;inc;ipp;xsd</Extensions>
    </Filter>
    <Filter Include="Resource Files">
      <UniqueIdentifier>{67DA6AB6-F800-4c08-8B7A-83BB121AAD01}</UniqueIdentifier>
      <Extensions>rc;ico;cur;bmp;dlg;rc2;rct;bin;rgs;gif;jpg;jpeg;jpe;resx;tiff;tif;png;wav;mfcribbon-ms</Extensions>
    </Filter>
    <Filter Include="Source Files\Experiment">
      <UniqueIdentifier>{88b2be0c-99ba-4c9a-9eb8-099cef8322e4}</UniqueIdentifier>
    </Filter>
    <Filter Include="Header Files\Experiment">
      <UniqueIdentifier>{607b9c64-4fbc-4a6d-ae46-5fc3545f1f0c}</UniqueIdentifier>
    </Filter>
  </ItemGroup>
  <ItemGroup>
    <ClCompile Include="main.cpp">
      <Filter>Source Files</Filter>
    </ClCompile>
    <ClCompile Include="Array2D.cpp">
      <Filter>Source Files</Filter>
    </ClCompile>
    <ClCompile Include="Board.cpp">
      <Filter>Source Files</Filter>
    </ClCompile>
    <ClCompile Include="Command.cpp">
      <Filter>Source Files</Filter>
    </ClCompile>
    <ClCompile Include="CommandParser.cpp">
      <Filter>Source Files</Filter>
    </ClCompile>
    <ClCompile Include="Controller.cpp">
      <Filter>Source Files</Filter>
    </ClCompile>
    <ClCompile Include="HelpCommand.cpp">
      <Filter>Source Files</Filter>
    </ClCompile>
    <ClCompile Include="InitCommand.cpp">
      <Filter>Source Files</Filter>
    </ClCompile>
    <ClCompile Include="IterateCommand.cpp">
      <Filter>Source Files</Filter>
    </ClCompile>
    <ClCompile Include="QuitCommand.cpp">
      <Filter>Source Files</Filter>
    </ClCompile>
    <ClCompile Include="ShowCommand.cpp">
      <Filter>Source Files</Filter>
    </ClCompile>
    <ClCompile Include="SaveCommand.cpp">
      <Filter>Source Files</Filter>
    </ClCompile>
    <ClCompile Include="Serializer.cpp">
      <Filter>Source Files</Filter>
    </ClCompile>
    <ClCompile Include="LoadCommand.cpp">
      <Filter>Source Files</Filter>
    </ClCompile>
    <ClCompile Include="Experiment\Experiment.cpp">
      <Filter>Source Files\Experiment</Filter>
    </ClCompile>
    <ClCompile Include="Experiment\Pattern.cpp">
      <Filter>Source Files\Experiment</Filter>
    </ClCompile>
    <ClCompile Include="Experiment\Frame.cpp">
      <Filter>Source Files\Experiment</Filter>
    </ClCompile>
    <ClCompile Include="Experiment\ExperimentCommand.cpp">
      <Filter>Source Files\Experiment</Filter>
    </ClCompile>
  </ItemGroup>
  <ItemGroup>
    <ClInclude Include="Array2D.h">
      <Filter>Header Files</Filter>
    </ClInclude>
    <ClInclude Include="Board.h">
      <Filter>Header Files</Filter>
    </ClInclude>
    <ClInclude Include="Command.h">
      <Filter>Header Files</Filter>
    </ClInclude>
    <ClInclude Include="CommandParser.h">
      <Filter>Header Files</Filter>
    </ClInclude>
    <ClInclude Include="Controller.h">
      <Filter>Header Files</Filter>
    </ClInclude>
    <ClInclude Include="HelpCommand.h">
      <Filter>Header Files</Filter>
    </ClInclude>
    <ClInclude Include="InitCommand.h">
      <Filter>Header Files</Filter>
    </ClInclude>
    <ClInclude Include="IterateCommand.h">
      <Filter>Header Files</Filter>
    </ClInclude>
    <ClInclude Include="QuitCommand.h">
      <Filter>Header Files</Filter>
    </ClInclude>
    <ClInclude Include="ShowCommand.h">
      <Filter>Header Files</Filter>
    </ClInclude>
    <ClInclude Include="SaveCommand.h">
      <Filter>Header Files</Filter>
    </ClInclude>
    <ClInclude Include="Serializer.h">
      <Filter>Header Files</Filter>
    </ClInclude>
    <ClInclude Include="LoadCommand.h">
      <Filter>Header Files</Filter>
    </ClInclude>
    <ClInclude Include="Experiment\Experiment.h">
      <Filter>Header Files\Experiment</Filter>
    </ClInclude>
    <ClInclude Include="Experiment\Pattern.h">
      <Filter>Header Files\Experiment</Filter>
    </ClInclude>
    <ClInclude Include="Experiment\Frame.h">
      <Filter>Header Files\Experiment</Filter>
    </ClInclude>
    <ClInclude Include="Cell.h">
      <Filter>Header Files</Filter>
    </ClInclude>
    <ClInclude Include="Experiment\ExperimentCommand.h">
      <Filter>Header Files\Experiment</Filter>
    </ClInclude>
  </ItemGroup>
</Project>